%{"decimal": {:hex, :decimal, "1.1.2", "79a769d4657b2d537b51ef3c02d29ab7141d2b486b516c109642d453ee08e00c", [:mix], []},
  "ecto": {:hex, :ecto, "2.0.3", "3d416156e0b7578a31b6925ee07de76b53684ffb4f106b863e35b423b1004b08", [:mix], [{:db_connection, "~> 1.0-rc.2", [hex: :db_connection, optional: true]}, {:decimal, "~> 1.0", [hex: :decimal, optional: false]}, {:mariaex, "~> 0.7.7", [hex: :mariaex, optional: true]}, {:poison, "~> 1.5 or ~> 2.0", [hex: :poison, optional: true]}, {:poolboy, "~> 1.5", [hex: :poolboy, optional: false]}, {:postgrex, "~> 0.11.2", [hex: :postgrex, optional: true]}, {:sbroker, "~> 1.0-beta", [hex: :sbroker, optional: true]}]},
  "hamcrest": {:hex, :hamcrest, "0.1.2", "2f06fad05983ce98a7832c4a7a508aab935b68865fdf607d30a030c129ec1365", [:rebar, :make], []},
  "linguist": {:hex, :linguist, "0.1.5", "98739fc47ac5d951322a57c787f46786c95b53d800105d43a0631633e7f9da9b", [:mix], []},
  "meck": {:hex, :meck, "0.8.4", "59ca1cd971372aa223138efcf9b29475bde299e1953046a0c727184790ab1520", [:rebar, :make], []},
  "poison": {:hex, :poison, "2.2.0", "4763b69a8a77bd77d26f477d196428b741261a761257ff1cf92753a0d4d24a63", [:mix], []},
  "poolboy": {:hex, :poolboy, "1.5.1", "6b46163901cfd0a1b43d692657ed9d7e599853b3b21b95ae5ae0a777cf9b6ca8", [:rebar], []},
  "pooler": {:hex, :pooler, "1.5.0", "0fd4be5d2976e6a2e9a1617623031758c26f200c1fca89e4a3c542747bec6371", [:rebar, :make], []},
  "protobuffs": {:hex, :protobuffs, "0.8.4", "d38ca5f7380d8477c274680273372011890f8d0037c0d7e7db5c0207b89a4e0b", [:rebar, :make], [{:meck, "~> 0.8.4", [hex: :meck, optional: false]}]},
  "riak": {:hex, :riak, "1.1.0", "25d4ab68fa2b0c76bafb8144646ed536e7bf2c10e6cc5cf55defb29f1808f8f4", [:mix], [{:linguist, "~> 0.1", [hex: :linguist, optional: false]}, {:pooler, "~> 1.5", [hex: :pooler, optional: false]}, {:riakc, "~> 2.4", [hex: :riakc, optional: false]}]},
  "riak_pb": {:hex, :riak_pb, "2.1.4", "0de76c3b44a950dc9ffe50f45f7b55128bacce12170705c5e364af95b96a33cf", [:rebar, :make], [{:hamcrest, "~> 0.1", [hex: :hamcrest, optional: false]}, {:protobuffs, "~> 0.8", [hex: :protobuffs, optional: false]}]},
  "riakc": {:hex, :riakc, "2.4.1", "5d2e191ac6597e1a4cfb5628bf78219d126c5ffa42dbb904af622136d8426a32", [:rebar, :make], [{:riak_pb, "~> 2.1", [hex: :riak_pb, optional: false]}]}}
