%{"decimal": {:hex, :decimal, "1.1.2"},
  "ecto": {:hex, :ecto, "2.0.3"},
  "hamcrest": {:hex, :hamcrest, "0.1.2"},
  "linguist": {:hex, :linguist, "0.1.5"},
  "meck": {:hex, :meck, "0.8.4"},
  "poison": {:hex, :poison, "2.2.0"},
  "poolboy": {:hex, :poolboy, "1.5.1"},
  "pooler": {:hex, :pooler, "1.5.0"},
  "protobuffs": {:hex, :protobuffs, "0.8.4"},
  "riak": {:hex, :riak, "1.1.0"},
  "riak_pb": {:hex, :riak_pb, "2.1.4"},
  "riakc": {:hex, :riakc, "2.4.1"}}
